<?xml version="1.0" encoding="utf-8"?>
<Project ToolsVersion="4.0" xmlns="http://schemas.microsoft.com/developer/msbuild/2003">
  <ItemGroup>
    <Filter Include="src">
      <UniqueIdentifier>{1a712fc0-eb86-4d19-9979-76f1cd2a2399}</UniqueIdentifier>
    </Filter>
  </ItemGroup>
  <ItemGroup>
    <ClCompile Include="src\glview\main.cpp">
      <Filter>src</Filter>
    </ClCompile>
  </ItemGroup>
</Project>