
Microsoft Visual Studio Solution File, Format Version 12.00
# Visual Studio 14
VisualStudioVersion = 14.0.25420.1
MinimumVisualStudioVersion = 10.0.40219.1
Project("{8BC9CEB8-8B4A-11D0-8D11-00A0C91BC942}") = "scene3d", "proj\msvc\scene3d.vcxproj", "{CB5E30D6-DF14-4EEB-8BA9-5AAF5924D0CD}"
EndProject
Global
	GlobalSection(SolutionConfigurationPlatforms) = preSolution
		Debug|x64 = Debug|x64
		Release|x64 = Release|x64
	EndGlobalSection
	GlobalSection(ProjectConfigurationPlatforms) = postSolution
		{CB5E30D6-DF14-4EEB-8BA9-5AAF5924D0CD}.Debug|x64.ActiveCfg = Debug|x64
		{CB5E30D6-DF14-4EEB-8BA9-5AAF5924D0CD}.Debug|x64.Build.0 = Debug|x64
		{CB5E30D6-DF14-4EEB-8BA9-5AAF5924D0CD}.Release|x64.ActiveCfg = Release|x64
		{CB5E30D6-DF14-4EEB-8BA9-5AAF5924D0CD}.Release|x64.Build.0 = Release|x64
	EndGlobalSection
	GlobalSection(SolutionProperties) = preSolution
		HideSolutionNode = FALSE
	EndGlobalSection
EndGlobal
