<?xml version="1.0" encoding="utf-8"?>
<Project ToolsVersion="4.0" xmlns="http://schemas.microsoft.com/developer/msbuild/2003">
  <ItemGroup>
    <Filter Include="textures">
      <UniqueIdentifier>{181ef974-1ad1-42cf-bc6a-eda05ed10895}</UniqueIdentifier>
    </Filter>
    <Filter Include="src">
      <UniqueIdentifier>{87961c52-c9e1-4a9b-85e4-52a2524d4c92}</UniqueIdentifier>
    </Filter>
    <ClInclude Include="src\uwp_app\App.h">
      <Filter>src</Filter>
    </ClInclude>
    <ClInclude Include="src\uwp_app\uwp_appMain.h">
      <Filter>src</Filter>
    </ClInclude>
    <ClInclude Include="src\uwp_app\pch.h">
      <Filter>src</Filter>
    </ClInclude>
    <ClCompile Include="src\uwp_app\App.cpp">
      <Filter>src</Filter>
    </ClCompile>
    <ClCompile Include="src\uwp_app\uwp_appMain.cpp">
      <Filter>src</Filter>
    </ClCompile>
    <ClCompile Include="src\uwp_app\pch.cpp">
      <Filter>src</Filter>
    </ClCompile>
    <Filter Include="src\Common">
      <UniqueIdentifier>{cee58f42-07ed-4b74-ac90-5c163e55b0b8}</UniqueIdentifier>
    </Filter>
    <Filter Include="src\Content">
      <UniqueIdentifier>{175570e3-3a38-4d77-9cdd-f4bafe933236}</UniqueIdentifier>
    </Filter>
  </ItemGroup>
  <ItemGroup>
    <AppxManifest Include="uwp_app.appxmanifest" />
  </ItemGroup>
  <ItemGroup>
    <None Include="uwp_app.pfx" />
  </ItemGroup>
  <ItemGroup>
    <Image Include="textures\LockScreenLogo.scale-200.png">
      <Filter>textures</Filter>
    </Image>
    <Image Include="textures\SplashScreen.scale-200.png">
      <Filter>textures</Filter>
    </Image>
    <Image Include="textures\Square44x44Logo.scale-200.png">
      <Filter>textures</Filter>
    </Image>
    <Image Include="textures\Square44x44Logo.targetsize-24_altform-unplated.png">
      <Filter>textures</Filter>
    </Image>
    <Image Include="textures\Square150x150Logo.scale-200.png">
      <Filter>textures</Filter>
    </Image>
    <Image Include="textures\StoreLogo.png">
      <Filter>textures</Filter>
    </Image>
    <Image Include="textures\Wide310x150Logo.scale-200.png">
      <Filter>textures</Filter>
    </Image>
  </ItemGroup>
  <ItemGroup>
    <ClCompile Include="src\uwp_app\Content\Sample3DSceneRenderer.cpp">
      <Filter>src\Content</Filter>
    </ClCompile>
    <ClCompile Include="src\uwp_app\Common\DeviceResources.cpp">
      <Filter>src\Common</Filter>
    </ClCompile>
  </ItemGroup>
  <ItemGroup>
    <ClInclude Include="src\uwp_app\Content\Sample3DSceneRenderer.h">
      <Filter>src\Content</Filter>
    </ClInclude>
    <ClInclude Include="src\uwp_app\Content\ShaderStructures.h">
      <Filter>src\Content</Filter>
    </ClInclude>
    <ClInclude Include="src\uwp_app\Common\d3dx12.h">
      <Filter>src\Common</Filter>
    </ClInclude>
    <ClInclude Include="src\uwp_app\Common\DeviceResources.h">
      <Filter>src\Common</Filter>
    </ClInclude>
    <ClInclude Include="src\uwp_app\Common\DirectXHelper.h">
      <Filter>src\Common</Filter>
    </ClInclude>
    <ClInclude Include="src\uwp_app\Common\StepTimer.h">
      <Filter>src\Common</Filter>
    </ClInclude>
  </ItemGroup>
  <ItemGroup>
    <FxCompile Include="src\uwp_app\Content\SamplePixelShader.hlsl">
      <Filter>src\Content</Filter>
    </FxCompile>
    <FxCompile Include="src\uwp_app\Content\SampleVertexShader.hlsl">
      <Filter>src\Content</Filter>
    </FxCompile>
  </ItemGroup>
</Project>