<?xml version="1.0" encoding="utf-8"?>
<Project ToolsVersion="4.0" xmlns="http://schemas.microsoft.com/developer/msbuild/2003">
  <ItemGroup>
    <ClCompile Include="..\..\..\src\scene3dx\renderer.cpp" />
    <ClCompile Include="..\..\..\src\scene3dx\common.cpp" />
    <ClCompile Include="..\..\..\src\scene3dx\scene3dx.cpp" />
    <ClCompile Include="..\..\..\src\scene3dx\winmain.cpp" />
    <ClCompile Include="..\..\..\src\scene3dx\memory.cpp" />
    <ClCompile Include="..\..\..\src\common\vecmath.c">
      <Filter>common</Filter>
    </ClCompile>
    <ClCompile Include="..\..\..\src\scene3dx\tilemap.cpp" />
  </ItemGroup>
  <ItemGroup>
    <ClInclude Include="..\..\..\src\scene3dx\renderer.hpp" />
    <ClInclude Include="..\..\..\src\scene3dx\common.hpp" />
    <ClInclude Include="..\..\..\src\scene3dx\scene3dx.hpp" />
    <ClInclude Include="..\..\..\src\scene3dx\memory.hpp" />
    <ClInclude Include="..\..\..\src\common\vecmath.h">
      <Filter>common</Filter>
    </ClInclude>
    <ClInclude Include="..\..\..\src\scene3dx\vecmath.hpp" />
    <ClInclude Include="..\..\..\src\scene3dx\tilemap.hpp" />
    <ClInclude Include="..\..\..\src\3rdparty\nuklear.h">
      <Filter>3rdparty</Filter>
    </ClInclude>
  </ItemGroup>
  <ItemGroup>
    <Filter Include="shaders">
      <UniqueIdentifier>{851592d7-9638-485b-816d-4d501d598d7b}</UniqueIdentifier>
    </Filter>
    <Filter Include="common">
      <UniqueIdentifier>{b0c36912-037b-4a70-90c0-06dfd13c0105}</UniqueIdentifier>
    </Filter>
    <Filter Include="3rdparty">
      <UniqueIdentifier>{9662166e-a184-4f9f-be82-714580d253c4}</UniqueIdentifier>
    </Filter>
  </ItemGroup>
  <ItemGroup>
    <FxCompile Include="..\..\..\assets\shaders\OverlayVertexShader.hlsl">
      <Filter>shaders</Filter>
    </FxCompile>
    <FxCompile Include="..\..\..\shaders\OverlayPixelShader.hlsl">
      <Filter>shaders</Filter>
    </FxCompile>
    <FxCompile Include="..\..\..\shaders\TileMapVertexShader.hlsl">
      <Filter>shaders</Filter>
    </FxCompile>
    <FxCompile Include="..\..\..\shaders\TileMapPixelShader.hlsl">
      <Filter>shaders</Filter>
    </FxCompile>
  </ItemGroup>
</Project>