<?xml version="1.0" encoding="utf-8"?>
<Project ToolsVersion="4.0" xmlns="http://schemas.microsoft.com/developer/msbuild/2003">
  <ItemGroup>
    <ClCompile Include="..\..\..\src\scene3dx\main.cpp" />
  </ItemGroup>
  <ItemGroup>
    <Filter Include="vk_api">
      <UniqueIdentifier>{cc532670-bb7d-4926-908d-00451ad275c4}</UniqueIdentifier>
    </Filter>
  </ItemGroup>
  <ItemGroup>
    <ClInclude Include="..\..\..\src\scene3dx\vk_api\vulkan_cxx.hpp">
      <Filter>vk_api</Filter>
    </ClInclude>
  </ItemGroup>
  <ItemGroup>
    <None Include="..\..\..\src\scene3dx\vk_api\vulkan.inl">
      <Filter>vk_api</Filter>
    </None>
  </ItemGroup>
</Project>