<?xml version="1.0" encoding="utf-8"?>
<Project ToolsVersion="4.0" xmlns="http://schemas.microsoft.com/developer/msbuild/2003">
  <ItemGroup>
    <ClCompile Include="..\..\..\src\scene3dx\main.cpp" />
    <ClCompile Include="..\..\..\src\scene3dx\renderer.cpp" />
    <ClCompile Include="..\..\..\src\scene3dx\common.cpp" />
  </ItemGroup>
  <ItemGroup>
    <ClInclude Include="..\..\..\src\scene3dx\renderer.hpp" />
    <ClInclude Include="..\..\..\src\scene3dx\common.hpp" />
  </ItemGroup>
  <ItemGroup>
    <Filter Include="shaders">
      <UniqueIdentifier>{851592d7-9638-485b-816d-4d501d598d7b}</UniqueIdentifier>
    </Filter>
  </ItemGroup>
  <ItemGroup>
    <FxCompile Include="..\..\..\assets\shaders\OverlayVertexShader.hlsl">
      <Filter>shaders</Filter>
    </FxCompile>
    <FxCompile Include="..\..\..\shaders\OverlayPixelShader.hlsl">
      <Filter>shaders</Filter>
    </FxCompile>
  </ItemGroup>
</Project>