<?xml version="1.0" encoding="utf-8"?>
<Project ToolsVersion="4.0" xmlns="http://schemas.microsoft.com/developer/msbuild/2003">
  <ItemGroup>
    <Filter Include="common">
      <UniqueIdentifier>{22d6a169-3496-4540-ae29-ce66e21e4992}</UniqueIdentifier>
    </Filter>
    <Filter Include="blender">
      <UniqueIdentifier>{e2c2b2ca-d662-42a4-9a99-cee8f015c33b}</UniqueIdentifier>
    </Filter>
  </ItemGroup>
  <ItemGroup>
    <ClCompile Include="..\..\..\src\common\vecmath.c">
      <Filter>common</Filter>
    </ClCompile>
    <ClCompile Include="..\..\..\src\s3dconv\s3dconv.c" />
  </ItemGroup>
  <ItemGroup>
    <ClInclude Include="..\..\..\src\common\vecmath.h">
      <Filter>common</Filter>
    </ClInclude>
  </ItemGroup>
  <ItemGroup>
    <None Include="..\..\..\python\s3dexport.py">
      <Filter>blender</Filter>
    </None>
  </ItemGroup>
</Project>